
Microsoft Visual Studio Solution File, Format Version 12.00
# Visual Studio 15
VisualStudioVersion = 15.0.27130.2010
MinimumVisualStudioVersion = 10.0.40219.1
Project("{FAE04EC0-301F-11D3-BF4B-00C04F79EFBC}") = "Lab Attendance Tracker", "Lab Attendance Tracker\Lab Attendance Tracker.csproj", "{3B267D5B-584F-48E2-8A90-5A1386A97BD8}"
EndProject
Global
	GlobalSection(SolutionConfigurationPlatforms) = preSolution
		Debug|Any CPU = Debug|Any CPU
		Release|Any CPU = Release|Any CPU
	EndGlobalSection
	GlobalSection(ProjectConfigurationPlatforms) = postSolution
		{3B267D5B-584F-48E2-8A90-5A1386A97BD8}.Debug|Any CPU.ActiveCfg = Debug|Any CPU
		{3B267D5B-584F-48E2-8A90-5A1386A97BD8}.Debug|Any CPU.Build.0 = Debug|Any CPU
		{3B267D5B-584F-48E2-8A90-5A1386A97BD8}.Release|Any CPU.ActiveCfg = Release|Any CPU
		{3B267D5B-584F-48E2-8A90-5A1386A97BD8}.Release|Any CPU.Build.0 = Release|Any CPU
	EndGlobalSection
	GlobalSection(SolutionProperties) = preSolution
		HideSolutionNode = FALSE
	EndGlobalSection
	GlobalSection(ExtensibilityGlobals) = postSolution
		SolutionGuid = {DEE37A5C-4A72-4B71-AE0A-2D8D7AB07080}
	EndGlobalSection
EndGlobal
